
Microsoft Visual Studio Solution File, Format Version 12.00
# Visual Studio Version 17
VisualStudioVersion = 17.4.33213.308
MinimumVisualStudioVersion = 10.0.40219.1
Project("{FAE04EC0-301F-11D3-BF4B-00C04F79EFBC}") = "Multicast", "Multicast\Multicast.csproj", "{73E6E91C-C445-4BC1-82DA-EC7FB13FF6B6}"
EndProject
Project("{FAE04EC0-301F-11D3-BF4B-00C04F79EFBC}") = "MulticastServer", "MulticastServer\MulticastServer.csproj", "{C5FDFBD7-0A13-4EE9-BC73-DF18A247EFAF}"
EndProject
Global
	GlobalSection(SolutionConfigurationPlatforms) = preSolution
		Debug|Any CPU = Debug|Any CPU
		Release|Any CPU = Release|Any CPU
	EndGlobalSection
	GlobalSection(ProjectConfigurationPlatforms) = postSolution
		{73E6E91C-C445-4BC1-82DA-EC7FB13FF6B6}.Debug|Any CPU.ActiveCfg = Debug|Any CPU
		{73E6E91C-C445-4BC1-82DA-EC7FB13FF6B6}.Debug|Any CPU.Build.0 = Debug|Any CPU
		{73E6E91C-C445-4BC1-82DA-EC7FB13FF6B6}.Release|Any CPU.ActiveCfg = Release|Any CPU
		{73E6E91C-C445-4BC1-82DA-EC7FB13FF6B6}.Release|Any CPU.Build.0 = Release|Any CPU
		{C5FDFBD7-0A13-4EE9-BC73-DF18A247EFAF}.Debug|Any CPU.ActiveCfg = Debug|Any CPU
		{C5FDFBD7-0A13-4EE9-BC73-DF18A247EFAF}.Debug|Any CPU.Build.0 = Debug|Any CPU
		{C5FDFBD7-0A13-4EE9-BC73-DF18A247EFAF}.Release|Any CPU.ActiveCfg = Release|Any CPU
		{C5FDFBD7-0A13-4EE9-BC73-DF18A247EFAF}.Release|Any CPU.Build.0 = Release|Any CPU
	EndGlobalSection
	GlobalSection(SolutionProperties) = preSolution
		HideSolutionNode = FALSE
	EndGlobalSection
	GlobalSection(ExtensibilityGlobals) = postSolution
		SolutionGuid = {EA60E700-56B1-48FC-AD2D-EBF805CF549A}
	EndGlobalSection
EndGlobal
